
Microsoft Visual Studio Solution File, Format Version 12.00
# Visual Studio Version 17
VisualStudioVersion = 17.5.33414.496
MinimumVisualStudioVersion = 10.0.40219.1
Project("{FAE04EC0-301F-11D3-BF4B-00C04F79EFBC}") = "Temperatura", "Temperatura.csproj", "{CD2E7ED0-D65E-49FC-AFF8-B1589FD1DABE}"
EndProject
Global
	GlobalSection(SolutionConfigurationPlatforms) = preSolution
		Debug|Any CPU = Debug|Any CPU
		Release|Any CPU = Release|Any CPU
	EndGlobalSection
	GlobalSection(ProjectConfigurationPlatforms) = postSolution
		{CD2E7ED0-D65E-49FC-AFF8-B1589FD1DABE}.Debug|Any CPU.ActiveCfg = Debug|Any CPU
		{CD2E7ED0-D65E-49FC-AFF8-B1589FD1DABE}.Debug|Any CPU.Build.0 = Debug|Any CPU
		{CD2E7ED0-D65E-49FC-AFF8-B1589FD1DABE}.Release|Any CPU.ActiveCfg = Release|Any CPU
		{CD2E7ED0-D65E-49FC-AFF8-B1589FD1DABE}.Release|Any CPU.Build.0 = Release|Any CPU
	EndGlobalSection
	GlobalSection(SolutionProperties) = preSolution
		HideSolutionNode = FALSE
	EndGlobalSection
	GlobalSection(ExtensibilityGlobals) = postSolution
		SolutionGuid = {93A4B4B8-EECF-4C3F-8B97-C8CB65540735}
	EndGlobalSection
EndGlobal
